{
  "name": "labby-agent-clis",
  "version": "1.0.0",
  "lockfileVersion": 3,
  "requires": true,
  "packages": {
    "": {
      "name": "labby-agent-clis",
      "version": "1.0.0",
      "dependencies": {
        "@anthropic-ai/claude-code": "2.1.163",
        "@openai/codex": "0.130.0"
      }
    },
    "node_modules/@anthropic-ai/claude-code": {
      "version": "2.1.163",
      "resolved": "https://registry.npmjs.org/@anthropic-ai/claude-code/-/claude-code-2.1.163.tgz",
      "integrity": "sha512-aK+hmLIaxp6v2M/fifhrCdYJ+kuQuGOl4Iok+AwRijeZl/HMn55rkwF6lEIq1Ny0xNCp2UKiZcmCegyoMumoWg==",
      "hasInstallScript": true,
      "license": "SEE LICENSE IN README.md",
      "bin": {
        "claude": "bin/claude.exe"
      },
      "engines": {
        "node": ">=18.0.0"
      },
      "optionalDependencies": {
        "@anthropic-ai/claude-code-darwin-arm64": "2.1.163",
        "@anthropic-ai/claude-code-darwin-x64": "2.1.163",
        "@anthropic-ai/claude-code-linux-arm64": "2.1.163",
        "@anthropic-ai/claude-code-linux-arm64-musl": "2.1.163",
        "@anthropic-ai/claude-code-linux-x64": "2.1.163",
        "@anthropic-ai/claude-code-linux-x64-musl": "2.1.163",
        "@anthropic-ai/claude-code-win32-arm64": "2.1.163",
        "@anthropic-ai/claude-code-win32-x64": "2.1.163"
      }
    },
    "node_modules/@anthropic-ai/claude-code-darwin-arm64": {
      "version": "2.1.163",
      "resolved": "https://registry.npmjs.org/@anthropic-ai/claude-code-darwin-arm64/-/claude-code-darwin-arm64-2.1.163.tgz",
      "integrity": "sha512-SZPoYNIjj8Osgde5m2UtJcUlKPqnqajc1uwzBk87qU+cqpMKg2KNBMN5rGUoHCX81fNs6jdWJuKuJgCB6Eqazw==",
      "cpu": [
        "arm64"
      ],
      "license": "SEE LICENSE IN LICENSE.md",
      "optional": true,
      "os": [
        "darwin"
      ]
    },
    "node_modules/@anthropic-ai/claude-code-darwin-x64": {
      "version": "2.1.163",
      "resolved": "https://registry.npmjs.org/@anthropic-ai/claude-code-darwin-x64/-/claude-code-darwin-x64-2.1.163.tgz",
      "integrity": "sha512-MTy4TO8LUqnRxGXoIE3Jk5bYgiRqvJlXSIZxAO2m69Is9HK+mLevzU9Rr1ZKy+49ExJCNp8392G6+LEUP5+hdQ==",
      "cpu": [
        "x64"
      ],
      "license": "SEE LICENSE IN LICENSE.md",
      "optional": true,
      "os": [
        "darwin"
      ]
    },
    "node_modules/@anthropic-ai/claude-code-linux-arm64": {
      "version": "2.1.163",
      "resolved": "https://registry.npmjs.org/@anthropic-ai/claude-code-linux-arm64/-/claude-code-linux-arm64-2.1.163.tgz",
      "integrity": "sha512-DLKiXFVTIuUfTnmeGoOEvOTwv5z0xi0yY1wSigubX3Q0jP12RgL3IBYOAtb4ytM3voAi4n/NhixvTwOWly2EEw==",
      "cpu": [
        "arm64"
      ],
      "libc": [
        "glibc"
      ],
      "license": "SEE LICENSE IN LICENSE.md",
      "optional": true,
      "os": [
        "linux"
      ]
    },
    "node_modules/@anthropic-ai/claude-code-linux-arm64-musl": {
      "version": "2.1.163",
      "resolved": "https://registry.npmjs.org/@anthropic-ai/claude-code-linux-arm64-musl/-/claude-code-linux-arm64-musl-2.1.163.tgz",
      "integrity": "sha512-Quu85w7PxNYxxikc0tMQvT5EQH4debsci8EuTx97AYiuptmHmKgi5EkwQxwNo8YXS5IttwUU9QLc41FA6JEa8A==",
      "cpu": [
        "arm64"
      ],
      "libc": [
        "musl"
      ],
      "license": "SEE LICENSE IN LICENSE.md",
      "optional": true,
      "os": [
        "linux"
      ]
    },
    "node_modules/@anthropic-ai/claude-code-linux-x64": {
      "version": "2.1.163",
      "resolved": "https://registry.npmjs.org/@anthropic-ai/claude-code-linux-x64/-/claude-code-linux-x64-2.1.163.tgz",
      "integrity": "sha512-K0CAuLxVqLhenPzi56Ysx157GHDXvcSyegyEFlr3jKdmjIClBynQZlRdZdePeQWBdmz5KrnzJ/lT5zzSH5GKUQ==",
      "cpu": [
        "x64"
      ],
      "libc": [
        "glibc"
      ],
      "license": "SEE LICENSE IN LICENSE.md",
      "optional": true,
      "os": [
        "linux"
      ]
    },
    "node_modules/@anthropic-ai/claude-code-linux-x64-musl": {
      "version": "2.1.163",
      "resolved": "https://registry.npmjs.org/@anthropic-ai/claude-code-linux-x64-musl/-/claude-code-linux-x64-musl-2.1.163.tgz",
      "integrity": "sha512-DAEhRqBlUkURnOiVGQWIu3Mje466l9dOSQn8TVZx3HdZwUtb0JiRul4rIGWuV10APnVpKteUHdw3WvBASkKluQ==",
      "cpu": [
        "x64"
      ],
      "libc": [
        "musl"
      ],
      "license": "SEE LICENSE IN LICENSE.md",
      "optional": true,
      "os": [
        "linux"
      ]
    },
    "node_modules/@anthropic-ai/claude-code-win32-arm64": {
      "version": "2.1.163",
      "resolved": "https://registry.npmjs.org/@anthropic-ai/claude-code-win32-arm64/-/claude-code-win32-arm64-2.1.163.tgz",
      "integrity": "sha512-wqFdygVVhpl3SZ9OlWx41+sU9G45FeSxHqXS9vKoHGk+h7n8SdNLipiXcqslhTBIilcKslQpq9WxlU8o8gyjeQ==",
      "cpu": [
        "arm64"
      ],
      "license": "SEE LICENSE IN LICENSE.md",
      "optional": true,
      "os": [
        "win32"
      ]
    },
    "node_modules/@anthropic-ai/claude-code-win32-x64": {
      "version": "2.1.163",
      "resolved": "https://registry.npmjs.org/@anthropic-ai/claude-code-win32-x64/-/claude-code-win32-x64-2.1.163.tgz",
      "integrity": "sha512-uTd+gFmqTQ9lVsA9dsVBYKeIKj6lB5zVNWWKUqV9RdDavDFXTgbbPw7LffEfQcbkiAU4UK+CQFuRRqXjJqsCDQ==",
      "cpu": [
        "x64"
      ],
      "license": "SEE LICENSE IN LICENSE.md",
      "optional": true,
      "os": [
        "win32"
      ]
    },
    "node_modules/@openai/codex": {
      "version": "0.130.0",
      "resolved": "https://registry.npmjs.org/@openai/codex/-/codex-0.130.0.tgz",
      "integrity": "sha512-WGDj+RZ3TXWC/7MlwprgLWOqzpwatPIINPhP3IRzHA0ni+o3QZ4i4xrS2uWwGmHUJ395J5JHwoZAAZYyfJyz6w==",
      "license": "Apache-2.0",
      "bin": {
        "codex": "bin/codex.js"
      },
      "engines": {
        "node": ">=16"
      },
      "optionalDependencies": {
        "@openai/codex-darwin-arm64": "npm:@openai/codex@0.130.0-darwin-arm64",
        "@openai/codex-darwin-x64": "npm:@openai/codex@0.130.0-darwin-x64",
        "@openai/codex-linux-arm64": "npm:@openai/codex@0.130.0-linux-arm64",
        "@openai/codex-linux-x64": "npm:@openai/codex@0.130.0-linux-x64",
        "@openai/codex-win32-arm64": "npm:@openai/codex@0.130.0-win32-arm64",
        "@openai/codex-win32-x64": "npm:@openai/codex@0.130.0-win32-x64"
      }
    },
    "node_modules/@openai/codex-darwin-arm64": {
      "name": "@openai/codex",
      "version": "0.130.0-darwin-arm64",
      "resolved": "https://registry.npmjs.org/@openai/codex/-/codex-0.130.0-darwin-arm64.tgz",
      "integrity": "sha512-R9pkGC7kwC8yQ8el5hvBlmugQlcsG/pHMEFgZluu03X9fD2TezGxdq3KqRDRCZuMYl07ILamVEoqknuJ0cq7MA==",
      "cpu": [
        "arm64"
      ],
      "license": "Apache-2.0",
      "optional": true,
      "os": [
        "darwin"
      ],
      "engines": {
        "node": ">=16"
      }
    },
    "node_modules/@openai/codex-darwin-x64": {
      "name": "@openai/codex",
      "version": "0.130.0-darwin-x64",
      "resolved": "https://registry.npmjs.org/@openai/codex/-/codex-0.130.0-darwin-x64.tgz",
      "integrity": "sha512-gJ+7J8djevgtdra+NgDAiQQPW+O3KTsgGfE3E5dpDfww3zS5OCeV0V2dhxqnJdlOjOSDw99o0P2LqBv19mhpRw==",
      "cpu": [
        "x64"
      ],
      "license": "Apache-2.0",
      "optional": true,
      "os": [
        "darwin"
      ],
      "engines": {
        "node": ">=16"
      }
    },
    "node_modules/@openai/codex-linux-arm64": {
      "name": "@openai/codex",
      "version": "0.130.0-linux-arm64",
      "resolved": "https://registry.npmjs.org/@openai/codex/-/codex-0.130.0-linux-arm64.tgz",
      "integrity": "sha512-tFtH0V9/hEI3d9y7zP92BXI9FM4Z3+STNQaOR52Czv18TRtCFUp7CbIUYaToopuq6UBfnE1VKr8RLhwT5FcbmA==",
      "cpu": [
        "arm64"
      ],
      "license": "Apache-2.0",
      "optional": true,
      "os": [
        "linux"
      ],
      "engines": {
        "node": ">=16"
      }
    },
    "node_modules/@openai/codex-linux-x64": {
      "name": "@openai/codex",
      "version": "0.130.0-linux-x64",
      "resolved": "https://registry.npmjs.org/@openai/codex/-/codex-0.130.0-linux-x64.tgz",
      "integrity": "sha512-3VcNlez99xdnEf+kB1IOpWv9fICYV9PiGj4sLCO4TCcShLnyxe+YBGa3poknkvXLnMG0qiN9SMnYS2FGrMxQcA==",
      "cpu": [
        "x64"
      ],
      "license": "Apache-2.0",
      "optional": true,
      "os": [
        "linux"
      ],
      "engines": {
        "node": ">=16"
      }
    },
    "node_modules/@openai/codex-win32-arm64": {
      "name": "@openai/codex",
      "version": "0.130.0-win32-arm64",
      "resolved": "https://registry.npmjs.org/@openai/codex/-/codex-0.130.0-win32-arm64.tgz",
      "integrity": "sha512-vdpmiNp57L/arZabltLXn8TyEtNa7W1meOEkr+3R6W/8ZyBt++wuqz1Orv134OT2grrcFJsIVCAIPiqUxCvBkA==",
      "cpu": [
        "arm64"
      ],
      "license": "Apache-2.0",
      "optional": true,
      "os": [
        "win32"
      ],
      "engines": {
        "node": ">=16"
      }
    },
    "node_modules/@openai/codex-win32-x64": {
      "name": "@openai/codex",
      "version": "0.130.0-win32-x64",
      "resolved": "https://registry.npmjs.org/@openai/codex/-/codex-0.130.0-win32-x64.tgz",
      "integrity": "sha512-FzMznm7fr5/nbjZgOujZ9Y9AbdGm7ji1FOoWiY3U+srqauvZaTgn6o6aCheSL7kuymu7nTLOO/cAyWV6NuesqQ==",
      "cpu": [
        "x64"
      ],
      "license": "Apache-2.0",
      "optional": true,
      "os": [
        "win32"
      ],
      "engines": {
        "node": ">=16"
      }
    }
  }
}
